{
  "version": "5",
  "specifiers": {
    "jsr:@std/bytes@^1.0.6": "1.0.6",
    "jsr:@std/fmt@^1.0.10": "1.0.10",
    "jsr:@std/internal@^1.0.14": "1.0.14",
    "jsr:@std/io@~0.225.3": "0.225.3",
    "jsr:@std/path@^1.1.5": "1.1.5"
  },
  "jsr": {
    "@std/bytes@1.0.6": {
      "integrity": "f6ac6adbd8ccd99314045f5703e23af0a68d7f7e58364b47d2c7f408aeb5820a"
    },
    "@std/fmt@1.0.10": {
      "integrity": "90dfba288802ac6de82fb31d0917eb9e4450b9925b954d5e51fc29ac07419db5"
    },
    "@std/internal@1.0.14": {
      "integrity": "291516b3d4c35024d6ffbc0a9df5bf4c64116e05b50012cf846710152d2ffdf7"
    },
    "@std/io@0.225.3": {
      "integrity": "27b07b591384d12d7b568f39e61dff966b8230559122df1e9fd11cc068f7ddd1",
      "dependencies": [
        "jsr:@std/bytes"
      ]
    },
    "@std/path@1.1.5": {
      "integrity": "ccea00982ea28c36becaf6e62f855406c76a8c32d462f66f415bbb7d83a271bc",
      "dependencies": [
        "jsr:@std/internal"
      ]
    }
  },
  "workspace": {
    "dependencies": [
      "jsr:@std/fmt@^1.0.10",
      "jsr:@std/io@~0.225.3"
    ],
    "links": {
      "jsr:@epdoc/colors@1.1.2": {
        "dependencies": [
          "jsr:@std/assert@^1.0.19",
          "jsr:@std/fmt@^1.0.10"
        ]
      },
      "jsr:@epdoc/daterange@3.0.11": {
        "dependencies": [
          "jsr:@epdoc/datetime@^4.1.10",
          "jsr:@epdoc/type@2",
          "jsr:@std/assert@^1.0.19"
        ]
      },
      "jsr:@epdoc/datetime@4.1.10": {
        "dependencies": [
          "jsr:@epdoc/type@2",
          "jsr:@std/assert@^1.0.19"
        ]
      },
      "jsr:@epdoc/duration@0.3.21": {
        "dependencies": [
          "jsr:@epdoc/type@2",
          "jsr:@std/assert@^1.0.19"
        ]
      },
      "jsr:@epdoc/fmt@1.0.15": {
        "dependencies": [
          "jsr:@epdoc/colors@^1.1.2",
          "jsr:@epdoc/duration@~0.3.21",
          "jsr:@epdoc/type@2",
          "jsr:@std/assert@^1.0.19",
          "jsr:@std/fmt@^1.0.10"
        ]
      },
      "jsr:@epdoc/fs@1.5.15": {
        "dependencies": [
          "jsr:@epdoc/datetime@^4.1.10",
          "jsr:@epdoc/transform@^2.0.1",
          "jsr:@epdoc/type@2",
          "jsr:@std/assert@^1.0.19",
          "jsr:@std/bytes@^1.0.6",
          "jsr:@std/encoding@^1.0.10",
          "jsr:@std/fs@^1.0.24",
          "jsr:@std/path@^1.1.5",
          "jsr:@std/toml@^1.0.11",
          "jsr:@std/yaml@^1.1.1"
        ]
      },
      "jsr:@epdoc/progress@0.1.13": {
        "dependencies": [
          "jsr:@epdoc/terminal@^0.0.14",
          "jsr:@epdoc/type@2",
          "jsr:@std/assert@^1.0.19",
          "jsr:@std/fmt@^1.0.10"
        ]
      },
      "jsr:@epdoc/response@0.1.46": {
        "dependencies": [
          "jsr:@epdoc/type@2",
          "jsr:@std/assert@^1.0.19"
        ]
      },
      "jsr:@epdoc/table@0.1.40": {
        "dependencies": [
          "jsr:@epdoc/colors@^1.1.2",
          "jsr:@epdoc/datetime@^4.1.10",
          "jsr:@epdoc/fmt@^1.0.15",
          "jsr:@epdoc/type@2",
          "jsr:@std/assert@^1.0.19",
          "jsr:@std/fmt@^1.0.10"
        ]
      },
      "jsr:@epdoc/terminal@0.0.14": {
        "dependencies": [
          "jsr:@std/assert@^1.0.19",
          "jsr:@std/fmt@^1.0.10",
          "jsr:@std/path@^1.1.5"
        ]
      },
      "jsr:@epdoc/text@1.0.7": {
        "dependencies": [
          "jsr:@epdoc/type@2",
          "jsr:@std/assert@^1.0.19"
        ]
      },
      "jsr:@epdoc/transform@2.0.1": {
        "dependencies": [
          "jsr:@epdoc/type@2",
          "jsr:@std/assert@^1.0.19",
          "jsr:@std/encoding@^1.0.10"
        ]
      },
      "jsr:@epdoc/type@2.0.0": {
        "dependencies": [
          "jsr:@std/assert@^1.0.19"
        ]
      }
    }
  }
}
